
Microsoft Visual Studio Solution File, Format Version 12.00
Project("{FAE04EC0-301F-11D3-BF4B-00C04F79EFBC}") = "MessengerApp", "MessengerApp\MessengerApp.csproj", "{852B3DEB-87D8-4571-B4E6-A1DA52FC864B}"
EndProject
Project("{FAE04EC0-301F-11D3-BF4B-00C04F79EFBC}") = "MessengerApp.Services", "MessengerApp.Services\MessengerApp.Services.csproj", "{BCFB6497-814A-4DE8-B3FF-C1AAA042D874}"
	ProjectSection(ProjectDependencies) = postProject
		{852B3DEB-87D8-4571-B4E6-A1DA52FC864B} = {852B3DEB-87D8-4571-B4E6-A1DA52FC864B}
	EndProjectSection
EndProject
Project("{FAE04EC0-301F-11D3-BF4B-00C04F79EFBC}") = "MessengerApp.Domain", "MessengerApp.Domain\MessengerApp.Domain.csproj", "{B216FC72-2A1A-4D0C-9F26-4BA2C1C27F4C}"
EndProject
Global
	GlobalSection(SolutionConfigurationPlatforms) = preSolution
		Debug|Any CPU = Debug|Any CPU
		Release|Any CPU = Release|Any CPU
	EndGlobalSection
	GlobalSection(ProjectConfigurationPlatforms) = postSolution
		{852B3DEB-87D8-4571-B4E6-A1DA52FC864B}.Debug|Any CPU.ActiveCfg = Debug|Any CPU
		{852B3DEB-87D8-4571-B4E6-A1DA52FC864B}.Debug|Any CPU.Build.0 = Debug|Any CPU
		{852B3DEB-87D8-4571-B4E6-A1DA52FC864B}.Release|Any CPU.ActiveCfg = Release|Any CPU
		{852B3DEB-87D8-4571-B4E6-A1DA52FC864B}.Release|Any CPU.Build.0 = Release|Any CPU
		{BCFB6497-814A-4DE8-B3FF-C1AAA042D874}.Debug|Any CPU.ActiveCfg = Debug|Any CPU
		{BCFB6497-814A-4DE8-B3FF-C1AAA042D874}.Debug|Any CPU.Build.0 = Debug|Any CPU
		{BCFB6497-814A-4DE8-B3FF-C1AAA042D874}.Release|Any CPU.ActiveCfg = Release|Any CPU
		{BCFB6497-814A-4DE8-B3FF-C1AAA042D874}.Release|Any CPU.Build.0 = Release|Any CPU
		{B216FC72-2A1A-4D0C-9F26-4BA2C1C27F4C}.Debug|Any CPU.ActiveCfg = Debug|Any CPU
		{B216FC72-2A1A-4D0C-9F26-4BA2C1C27F4C}.Debug|Any CPU.Build.0 = Debug|Any CPU
		{B216FC72-2A1A-4D0C-9F26-4BA2C1C27F4C}.Release|Any CPU.ActiveCfg = Release|Any CPU
		{B216FC72-2A1A-4D0C-9F26-4BA2C1C27F4C}.Release|Any CPU.Build.0 = Release|Any CPU
	EndGlobalSection
EndGlobal
